Microsoft Visual Studio Solution File, Format Version 12.00
# Visual Studio Version 17
VisualStudioVersion = 17.5.2.0
MinimumVisualStudioVersion = 10.0.40219.1
Project("{FAE04EC0-301F-11D3-BF4B-00C04F79EFBC}") = "RandomTest", "RandomTest.csproj", "{57B89509-77AA-56D1-E09A-54BCE230EC49}"
EndProject
Global
	GlobalSection(SolutionConfigurationPlatforms) = preSolution
		Debug|Any CPU = Debug|Any CPU
		Release|Any CPU = Release|Any CPU
	EndGlobalSection
	GlobalSection(ProjectConfigurationPlatforms) = postSolution
		{57B89509-77AA-56D1-E09A-54BCE230EC49}.Debug|Any CPU.ActiveCfg = Debug|Any CPU
		{57B89509-77AA-56D1-E09A-54BCE230EC49}.Debug|Any CPU.Build.0 = Debug|Any CPU
		{57B89509-77AA-56D1-E09A-54BCE230EC49}.Release|Any CPU.ActiveCfg = Release|Any CPU
		{57B89509-77AA-56D1-E09A-54BCE230EC49}.Release|Any CPU.Build.0 = Release|Any CPU
	EndGlobalSection
	GlobalSection(SolutionProperties) = preSolution
		HideSolutionNode = FALSE
	EndGlobalSection
	GlobalSection(ExtensibilityGlobals) = postSolution
		SolutionGuid = {ADAC36ED-71E0-4F08-936F-4D7D3D17DF8B}
	EndGlobalSection
EndGlobal
